
Microsoft Visual Studio Solution File, Format Version 12.00
# Visual Studio Version 17
VisualStudioVersion = 17.4.33213.308
MinimumVisualStudioVersion = 10.0.40219.1
Project("{9A19103F-16F7-4668-BE54-9A1E7A4F7556}") = "BookCritic", "BookCritic\BookCritic.csproj", "{6DF77441-45CC-4E7D-A0B1-5ECEC1762843}"
EndProject
Project("{9A19103F-16F7-4668-BE54-9A1E7A4F7556}") = "BC.DAL", "BC.DAL\BC.DAL.csproj", "{55E61668-C0E8-4895-A526-9BE4DE2F3DF8}"
EndProject
Project("{2150E333-8FDC-42A3-9474-1A3956D46DE8}") = "Solution Items", "Solution Items", "{806D3DDB-CFDB-4C86-B187-395B95D30579}"
	ProjectSection(SolutionItems) = preProject
		.editorconfig = .editorconfig
	EndProjectSection
EndProject
Project("{9A19103F-16F7-4668-BE54-9A1E7A4F7556}") = "BC.BLL", "BC.BLL\BC.BLL.csproj", "{6A79480E-D3D1-4A76-B6F5-B18A2969CEA9}"
EndProject
Project("{9A19103F-16F7-4668-BE54-9A1E7A4F7556}") = "BC.Common", "BC.Common\BC.Common.csproj", "{4A1B985B-6E48-46A3-8760-9CADAE15AF6C}"
EndProject
Global
	GlobalSection(SolutionConfigurationPlatforms) = preSolution
		Debug|Any CPU = Debug|Any CPU
		Release|Any CPU = Release|Any CPU
	EndGlobalSection
	GlobalSection(ProjectConfigurationPlatforms) = postSolution
		{6DF77441-45CC-4E7D-A0B1-5ECEC1762843}.Debug|Any CPU.ActiveCfg = Debug|Any CPU
		{6DF77441-45CC-4E7D-A0B1-5ECEC1762843}.Debug|Any CPU.Build.0 = Debug|Any CPU
		{6DF77441-45CC-4E7D-A0B1-5ECEC1762843}.Release|Any CPU.ActiveCfg = Release|Any CPU
		{6DF77441-45CC-4E7D-A0B1-5ECEC1762843}.Release|Any CPU.Build.0 = Release|Any CPU
		{55E61668-C0E8-4895-A526-9BE4DE2F3DF8}.Debug|Any CPU.ActiveCfg = Debug|Any CPU
		{55E61668-C0E8-4895-A526-9BE4DE2F3DF8}.Debug|Any CPU.Build.0 = Debug|Any CPU
		{55E61668-C0E8-4895-A526-9BE4DE2F3DF8}.Release|Any CPU.ActiveCfg = Release|Any CPU
		{55E61668-C0E8-4895-A526-9BE4DE2F3DF8}.Release|Any CPU.Build.0 = Release|Any CPU
		{6A79480E-D3D1-4A76-B6F5-B18A2969CEA9}.Debug|Any CPU.ActiveCfg = Debug|Any CPU
		{6A79480E-D3D1-4A76-B6F5-B18A2969CEA9}.Debug|Any CPU.Build.0 = Debug|Any CPU
		{6A79480E-D3D1-4A76-B6F5-B18A2969CEA9}.Release|Any CPU.ActiveCfg = Release|Any CPU
		{6A79480E-D3D1-4A76-B6F5-B18A2969CEA9}.Release|Any CPU.Build.0 = Release|Any CPU
		{4A1B985B-6E48-46A3-8760-9CADAE15AF6C}.Debug|Any CPU.ActiveCfg = Debug|Any CPU
		{4A1B985B-6E48-46A3-8760-9CADAE15AF6C}.Debug|Any CPU.Build.0 = Debug|Any CPU
		{4A1B985B-6E48-46A3-8760-9CADAE15AF6C}.Release|Any CPU.ActiveCfg = Release|Any CPU
		{4A1B985B-6E48-46A3-8760-9CADAE15AF6C}.Release|Any CPU.Build.0 = Release|Any CPU
	EndGlobalSection
	GlobalSection(SolutionProperties) = preSolution
		HideSolutionNode = FALSE
	EndGlobalSection
	GlobalSection(ExtensibilityGlobals) = postSolution
		SolutionGuid = {6F61327D-B81D-4C4C-9A55-6349DF2AF8C0}
	EndGlobalSection
EndGlobal
